
Microsoft Visual Studio Solution File, Format Version 12.00
# Visual Studio Version 16
VisualStudioVersion = 16.0.31005.135
MinimumVisualStudioVersion = 10.0.40219.1
Project("{FAE04EC0-301F-11D3-BF4B-00C04F79EFBC}") = "ProjectTeliko2021", "ProjectTeliko2021\ProjectTeliko2021.csproj", "{5135C72E-0D11-44BB-B52B-C57BB0696EE8}"
EndProject
Global
	GlobalSection(SolutionConfigurationPlatforms) = preSolution
		Debug|Any CPU = Debug|Any CPU
		Release|Any CPU = Release|Any CPU
	EndGlobalSection
	GlobalSection(ProjectConfigurationPlatforms) = postSolution
		{5135C72E-0D11-44BB-B52B-C57BB0696EE8}.Debug|Any CPU.ActiveCfg = Debug|Any CPU
		{5135C72E-0D11-44BB-B52B-C57BB0696EE8}.Debug|Any CPU.Build.0 = Debug|Any CPU
		{5135C72E-0D11-44BB-B52B-C57BB0696EE8}.Release|Any CPU.ActiveCfg = Release|Any CPU
		{5135C72E-0D11-44BB-B52B-C57BB0696EE8}.Release|Any CPU.Build.0 = Release|Any CPU
	EndGlobalSection
	GlobalSection(SolutionProperties) = preSolution
		HideSolutionNode = FALSE
	EndGlobalSection
	GlobalSection(ExtensibilityGlobals) = postSolution
		SolutionGuid = {3B5CA346-CA99-4598-BDCA-673EF9CBC554}
	EndGlobalSection
EndGlobal
